
Microsoft Visual Studio Solution File, Format Version 12.00
# Visual Studio Version 16
VisualStudioVersion = 16.0.29503.13
MinimumVisualStudioVersion = 10.0.40219.1
Project("{FAE04EC0-301F-11D3-BF4B-00C04F79EFBC}") = "Lab_2", "Lab_2\Lab_2.csproj", "{EC2C37A1-F9A1-4877-937F-C23196352056}"
EndProject
Global
	GlobalSection(SolutionConfigurationPlatforms) = preSolution
		Debug|Any CPU = Debug|Any CPU
		Release|Any CPU = Release|Any CPU
	EndGlobalSection
	GlobalSection(ProjectConfigurationPlatforms) = postSolution
		{EC2C37A1-F9A1-4877-937F-C23196352056}.Debug|Any CPU.ActiveCfg = Debug|Any CPU
		{EC2C37A1-F9A1-4877-937F-C23196352056}.Debug|Any CPU.Build.0 = Debug|Any CPU
		{EC2C37A1-F9A1-4877-937F-C23196352056}.Release|Any CPU.ActiveCfg = Release|Any CPU
		{EC2C37A1-F9A1-4877-937F-C23196352056}.Release|Any CPU.Build.0 = Release|Any CPU
	EndGlobalSection
	GlobalSection(SolutionProperties) = preSolution
		HideSolutionNode = FALSE
	EndGlobalSection
	GlobalSection(ExtensibilityGlobals) = postSolution
		SolutionGuid = {442B166F-B107-43D2-A069-C3252B76963F}
	EndGlobalSection
EndGlobal
